
Microsoft Visual Studio Solution File, Format Version 12.00
# Visual Studio Version 16
VisualStudioVersion = 16.0.30011.22
MinimumVisualStudioVersion = 10.0.40219.1
Project("{9A19103F-16F7-4668-BE54-9A1E7A4F7556}") = "Server", "Server\Server.csproj", "{E56C6DA0-19E3-4DB2-A31B-13E45699D86B}"
EndProject
Project("{9A19103F-16F7-4668-BE54-9A1E7A4F7556}") = "_build", "..\build\_build.csproj", "{D7F565F7-5F26-4BEC-88F4-2909D8E7F600}"
EndProject
Project("{FAE04EC0-301F-11D3-BF4B-00C04F79EFBC}") = "Client", "Client\Client.csproj", "{1DFC3215-5EEB-484E-82B6-210AA4082E88}"
EndProject
Global
	GlobalSection(SolutionConfigurationPlatforms) = preSolution
		Debug|Any CPU = Debug|Any CPU
		Release|Any CPU = Release|Any CPU
	EndGlobalSection
	GlobalSection(ProjectConfigurationPlatforms) = postSolution
		{E56C6DA0-19E3-4DB2-A31B-13E45699D86B}.Debug|Any CPU.ActiveCfg = Debug|Any CPU
		{E56C6DA0-19E3-4DB2-A31B-13E45699D86B}.Debug|Any CPU.Build.0 = Debug|Any CPU
		{E56C6DA0-19E3-4DB2-A31B-13E45699D86B}.Release|Any CPU.ActiveCfg = Release|Any CPU
		{E56C6DA0-19E3-4DB2-A31B-13E45699D86B}.Release|Any CPU.Build.0 = Release|Any CPU
		{D7F565F7-5F26-4BEC-88F4-2909D8E7F600}.Debug|Any CPU.ActiveCfg = Debug|Any CPU
		{D7F565F7-5F26-4BEC-88F4-2909D8E7F600}.Release|Any CPU.ActiveCfg = Release|Any CPU
		{1DFC3215-5EEB-484E-82B6-210AA4082E88}.Debug|Any CPU.ActiveCfg = Debug|Any CPU
		{1DFC3215-5EEB-484E-82B6-210AA4082E88}.Debug|Any CPU.Build.0 = Debug|Any CPU
		{1DFC3215-5EEB-484E-82B6-210AA4082E88}.Release|Any CPU.ActiveCfg = Release|Any CPU
		{1DFC3215-5EEB-484E-82B6-210AA4082E88}.Release|Any CPU.Build.0 = Release|Any CPU
	EndGlobalSection
	GlobalSection(SolutionProperties) = preSolution
		HideSolutionNode = FALSE
	EndGlobalSection
	GlobalSection(ExtensibilityGlobals) = postSolution
		SolutionGuid = {5DC45C06-12B8-40DE-ADBE-01A6A941C8D9}
	EndGlobalSection
EndGlobal
